<?xml version="1.0" encoding="utf-8"?>
<Project ToolsVersion="4.0" xmlns="http://schemas.microsoft.com/developer/msbuild/2003">
  <ItemGroup>
    <Filter Include="src">
      <UniqueIdentifier>{b44510a2-5854-4da5-9c8c-613e5f1dd0dd}</UniqueIdentifier>
    </Filter>
    <Filter Include="src\core">
      <UniqueIdentifier>{9af6a9bb-fd59-4be6-b9c1-154e3d7535ce}</UniqueIdentifier>
    </Filter>
    <Filter Include="src\core\constant_buffer">
      <UniqueIdentifier>{332aeb39-94fe-4e81-bb65-0ceded8a1f02}</UniqueIdentifier>
    </Filter>
    <Filter Include="src\core\model">
      <UniqueIdentifier>{78e1dcf8-bb38-4135-a9f5-fd0d3d980b2e}</UniqueIdentifier>
    </Filter>
    <Filter Include="src\api">
      <UniqueIdentifier>{8ad16457-9577-4276-9f4d-62711ac1d92f}</UniqueIdentifier>
    </Filter>
    <Filter Include="src\core\wall">
      <UniqueIdentifier>{3f42fafb-b04a-4dac-8dfb-eb2338722191}</UniqueIdentifier>
    </Filter>
    <Filter Include="src\core\shader">
      <UniqueIdentifier>{c75d0cbc-89a2-47cb-97af-f23cb73e8d8e}</UniqueIdentifier>
    </Filter>
    <Filter Include="src\core\render_pass">
      <UniqueIdentifier>{6cce8bbc-a5a9-42f9-8e98-f340fe6786d3}</UniqueIdentifier>
    </Filter>
  </ItemGroup>
  <ItemGroup>
    <ClCompile Include="src\Application.cpp">
      <Filter>src</Filter>
    </ClCompile>
    <ClCompile Include="src\core\Core.cpp">
      <Filter>src\core</Filter>
    </ClCompile>
    <ClCompile Include="src\core\texrure\Texture.cpp">
      <Filter>src\core</Filter>
    </ClCompile>
    <ClCompile Include="src\core\collider\Collider.cpp">
      <Filter>src\core</Filter>
    </ClCompile>
    <ClCompile Include="src\core\model\Models.cpp">
      <Filter>src\core\model</Filter>
    </ClCompile>
    <ClCompile Include="src\core\model\pmd\PMDModel.cpp">
      <Filter>src\core\model</Filter>
    </ClCompile>
    <ClCompile Include="src\core\model\ModelConfig.cpp">
      <Filter>src\core\model</Filter>
    </ClCompile>
    <ClCompile Include="src\core\render_pass\wall\WallRenderPass.cpp">
      <Filter>src\core\wall</Filter>
    </ClCompile>
    <ClCompile Include="src\core\D3D11.cpp">
      <Filter>src\core</Filter>
    </ClCompile>
    <ClCompile Include="src\core\render_pass\model\ModelRenderPass.cpp" />
    <ClCompile Include="src\core\render_pass\shadow\ShadowRenderPass.cpp" />
    <ClCompile Include="src\core\scene\camera\SceneCamera.cpp" />
    <ClCompile Include="src\core\scene\light\Light.cpp" />
    <ClCompile Include="src\core\scene\Scene.cpp" />
    <ClCompile Include="src\core\collider\OBB.cpp" />
    <ClCompile Include="src\core\utility\Utility.cpp" />
    <ClCompile Include="src\core\object\wall\WallObject.cpp" />
  </ItemGroup>
  <ItemGroup>
    <ClInclude Include="src\Application.h">
      <Filter>src</Filter>
    </ClInclude>
    <ClInclude Include="src\core\constant_buffer\Camera.h">
      <Filter>src\core\constant_buffer</Filter>
    </ClInclude>
    <ClInclude Include="src\core\constant_buffer\Material.h">
      <Filter>src\core\constant_buffer</Filter>
    </ClInclude>
    <ClInclude Include="src\core\Core.h">
      <Filter>src\core</Filter>
    </ClInclude>
    <ClInclude Include="src\core\texrure\Texture.h">
      <Filter>src\core</Filter>
    </ClInclude>
    <ClInclude Include="src\core\constant_buffer\Bones.h">
      <Filter>src\core\constant_buffer</Filter>
    </ClInclude>
    <ClInclude Include="src\core\collider\Collider.h">
      <Filter>src\core</Filter>
    </ClInclude>
    <ClInclude Include="src\core\model\pmd\PMDModel.h">
      <Filter>src\core\model</Filter>
    </ClInclude>
    <ClInclude Include="src\core\model\Models.h">
      <Filter>src\core\model</Filter>
    </ClInclude>
    <ClInclude Include="src\core\model\ModelConfig.h">
      <Filter>src\core\model</Filter>
    </ClInclude>
    <ClInclude Include="src\core\model\IModelRenderer.h">
      <Filter>src\core\model</Filter>
    </ClInclude>
    <ClInclude Include="src\core\constant_buffer\Shadow.h">
      <Filter>src\core\constant_buffer</Filter>
    </ClInclude>
    <ClInclude Include="src\core\render_pass\wall\WallRenderPass.h">
      <Filter>src\core\wall</Filter>
    </ClInclude>
    <ClInclude Include="src\core\constant_buffer\ShadowReceiver.h">
      <Filter>src\core\constant_buffer</Filter>
    </ClInclude>
    <ClInclude Include="src\core\render_pass\IRenderPass.h">
      <Filter>src\core\render_pass</Filter>
    </ClInclude>
    <ClInclude Include="src\core\D3D11.h">
      <Filter>src\core</Filter>
    </ClInclude>
    <ClInclude Include="src\core\render_pass\model\ModelRenderPass.h" />
    <ClInclude Include="src\core\render_pass\shadow\ShadowRenderPass.h" />
    <ClInclude Include="src\core\render_pass\CommonResource.h" />
    <ClInclude Include="src\core\model\pmd\PMDFileStruct.h" />
    <ClInclude Include="src\core\scene\camera\SceneCamera.h" />
    <ClInclude Include="src\core\scene\light\Light.h" />
    <ClInclude Include="src\core\scene\Scene.h" />
    <ClInclude Include="src\core\collider\OBB.h" />
    <ClInclude Include="src\core\utility\Utility.h" />
    <ClInclude Include="src\core\object\IObjectRenderer.h" />
    <ClInclude Include="src\core\object\wall\WallObject.h" />
  </ItemGroup>
</Project>